// !$*UTF8*$!
{
	archiveVersion = 1;
	classes = {
	};
	objectVersion = 50;
	objects = {

/* Begin PBXBuildFile section */
		527F1AF92125728B00E70DFE /* PostTableViewCell.swift in Sources */ = {isa = PBXBuildFile; fileRef = 527F1AF72125728B00E70DFE /* PostTableViewCell.swift */; };
		527F1AFA2125728B00E70DFE /* PostTableViewCell.xib in Resources */ = {isa = PBXBuildFile; fileRef = 527F1AF82125728B00E70DFE /* PostTableViewCell.xib */; };
		5D549D3521251A640022AB71 /* AppDelegate.swift in Sources */ = {isa = PBXBuildFile; fileRef = 5D549D3421251A640022AB71 /* AppDelegate.swift */; };
		5D549D3A21251A640022AB71 /* Main.storyboard in Resources */ = {isa = PBXBuildFile; fileRef = 5D549D3821251A640022AB71 /* Main.storyboard */; };
		5D549D3C21251A650022AB71 /* d.xcassets in Resources */ = {isa = PBXBuildFile; fileRef = 5D549D3B21251A650022AB71 /* d.xcassets */; };
		5D549D3F21251A650022AB71 /* LaunchScreen.storyboard in Resources */ = {isa = PBXBuildFile; fileRef = 5D549D3D21251A650022AB71 /* LaunchScreen.storyboard */; };
		5D7102B02125248D007DE928 /* PostData.swift in Sources */ = {isa = PBXBuildFile; fileRef = 5D7102AC2125248D007DE928 /* PostData.swift */; };
		5D7102B22125248D007DE928 /* AVSectionController.swift in Sources */ = {isa = PBXBuildFile; fileRef = 5D7102AE2125248D007DE928 /* AVSectionController.swift */; };
		5D7102B521253016007DE928 /* AVPlayerView.swift in Sources */ = {isa = PBXBuildFile; fileRef = 5D7102B421253016007DE928 /* AVPlayerView.swift */; };
		5D7102B72125337E007DE928 /* ViewController.swift in Sources */ = {isa = PBXBuildFile; fileRef = 5D7102B62125337E007DE928 /* ViewController.swift */; };
		FFF05ECA9C1920901DD37478 /* Pods_SampleIGListKit.framework in Frameworks */ = {isa = PBXBuildFile; fileRef = 51A736B6C93B8338616B25B8 /* Pods_SampleIGListKit.framework */; };
/* End PBXBuildFile section */

/* Begin PBXFileReference section */
		33AEC843F0929932C33B3961 /* Pods-SampleIGListKit.release.xcconfig */ = {isa = PBXFileReference; includeInIndex = 1; lastKnownFileType = text.xcconfig; name = "Pods-SampleIGListKit.release.xcconfig"; path = "Pods/Target Support Files/Pods-SampleIGListKit/Pods-SampleIGListKit.release.xcconfig"; sourceTree = "<group>"; };
		51A736B6C93B8338616B25B8 /* Pods_SampleIGListKit.framework */ = {isa = PBXFileReference; explicitFileType = wrapper.framework; includeInIndex = 0; path = Pods_SampleIGListKit.framework; sourceTree = BUILT_PRODUCTS_DIR; };
		527F1AF72125728B00E70DFE /* PostTableViewCell.swift */ = {isa = PBXFileReference; lastKnownFileType = sourcecode.swift; path = PostTableViewCell.swift; sourceTree = "<group>"; };
		527F1AF82125728B00E70DFE /* PostTableViewCell.xib */ = {isa = PBXFileReference; lastKnownFileType = file.xib; path = PostTableViewCell.xib; sourceTree = "<group>"; };
		5D549D3121251A640022AB71 /* SampleIGListKit.app */ = {isa = PBXFileReference; explicitFileType = wrapper.application; includeInIndex = 0; path = SampleIGListKit.app; sourceTree = BUILT_PRODUCTS_DIR; };
		5D549D3421251A640022AB71 /* AppDelegate.swift */ = {isa = PBXFileReference; lastKnownFileType = sourcecode.swift; path = AppDelegate.swift; sourceTree = "<group>"; };
		5D549D3921251A640022AB71 /* Base */ = {isa = PBXFileReference; lastKnownFileType = file.storyboard; name = Base; path = Base.lproj/Main.storyboard; sourceTree = "<group>"; };
		5D549D3B21251A650022AB71 /* d.xcassets */ = {isa = PBXFileReference; lastKnownFileType = folder.assetcatalog; path = d.xcassets; sourceTree = "<group>"; };
		5D549D3E21251A650022AB71 /* Base */ = {isa = PBXFileReference; lastKnownFileType = file.storyboard; name = Base; path = Base.lproj/LaunchScreen.storyboard; sourceTree = "<group>"; };
		5D549D4021251A650022AB71 /* Info.plist */ = {isa = PBXFileReference; lastKnownFileType = text.plist.xml; path = Info.plist; sourceTree = "<group>"; };
		5D7102AC2125248D007DE928 /* PostData.swift */ = {isa = PBXFileReference; fileEncoding = 4; lastKnownFileType = sourcecode.swift; path = PostData.swift; sourceTree = "<group>"; };
		5D7102AE2125248D007DE928 /* AVSectionController.swift */ = {isa = PBXFileReference; fileEncoding = 4; lastKnownFileType = sourcecode.swift; path = AVSectionController.swift; sourceTree = "<group>"; };
		5D7102B421253016007DE928 /* AVPlayerView.swift */ = {isa = PBXFileReference; lastKnownFileType = sourcecode.swift; path = AVPlayerView.swift; sourceTree = "<group>"; };
		5D7102B62125337E007DE928 /* ViewController.swift */ = {isa = PBXFileReference; lastKnownFileType = sourcecode.swift; path = ViewController.swift; sourceTree = "<group>"; };
		ED5095A2B69BB08A2D5CCA06 /* Pods-SampleIGListKit.debug.xcconfig */ = {isa = PBXFileReference; includeInIndex = 1; lastKnownFileType = text.xcconfig; name = "Pods-SampleIGListKit.debug.xcconfig"; path = "Pods/Target Support Files/Pods-SampleIGListKit/Pods-SampleIGListKit.debug.xcconfig"; sourceTree = "<group>"; };
/* End PBXFileReference section */

/* Begin PBXFrameworksBuildPhase section */
		5D549D2E21251A640022AB71 /* Frameworks */ = {
			isa = PBXFrameworksBuildPhase;
			buildActionMask = 2147483647;
			files = (
				FFF05ECA9C1920901DD37478 /* Pods_SampleIGListKit.framework in Frameworks */,
			);
			runOnlyForDeploymentPostprocessing = 0;
		};
/* End PBXFrameworksBuildPhase section */

/* Begin PBXGroup section */
		5635B166D715A8CE9AD9EB08 /* Frameworks */ = {
			isa = PBXGroup;
			children = (
				51A736B6C93B8338616B25B8 /* Pods_SampleIGListKit.framework */,
			);
			name = Frameworks;
			sourceTree = "<group>";
		};
		5D549D2821251A640022AB71 = {
			isa = PBXGroup;
			children = (
				5D549D3321251A640022AB71 /* SampleIGListKit */,
				5D549D3221251A640022AB71 /* Products */,
				8DC4AE00A7B1F309AB050826 /* Pods */,
				5635B166D715A8CE9AD9EB08 /* Frameworks */,
			);
			sourceTree = "<group>";
		};
		5D549D3221251A640022AB71 /* Products */ = {
			isa = PBXGroup;
			children = (
				5D549D3121251A640022AB71 /* SampleIGListKit.app */,
			);
			name = Products;
			sourceTree = "<group>";
		};
		5D549D3321251A640022AB71 /* SampleIGListKit */ = {
			isa = PBXGroup;
			children = (
				5D7102B62125337E007DE928 /* ViewController.swift */,
				5D7102AE2125248D007DE928 /* AVSectionController.swift */,
				5D7102AC2125248D007DE928 /* PostData.swift */,
				5D549D3421251A640022AB71 /* AppDelegate.swift */,
				5D7102B421253016007DE928 /* AVPlayerView.swift */,
				5D549D3821251A640022AB71 /* Main.storyboard */,
				5D549D3B21251A650022AB71 /* d.xcassets */,
				5D549D3D21251A650022AB71 /* LaunchScreen.storyboard */,
				5D549D4021251A650022AB71 /* Info.plist */,
				527F1AF72125728B00E70DFE /* PostTableViewCell.swift */,
				527F1AF82125728B00E70DFE /* PostTableViewCell.xib */,
			);
			path = SampleIGListKit;
			sourceTree = "<group>";
		};
		8DC4AE00A7B1F309AB050826 /* Pods */ = {
			isa = PBXGroup;
			children = (
				ED5095A2B69BB08A2D5CCA06 /* Pods-SampleIGListKit.debug.xcconfig */,
				33AEC843F0929932C33B3961 /* Pods-SampleIGListKit.release.xcconfig */,
			);
			name = Pods;
			sourceTree = "<group>";
		};
/* End PBXGroup section */

/* Begin PBXNativeTarget section */
		5D549D3021251A640022AB71 /* SampleIGListKit */ = {
			isa = PBXNativeTarget;
			buildConfigurationList = 5D549D4321251A650022AB71 /* Build configuration list for PBXNativeTarget "SampleIGListKit" */;
			buildPhases = (
				C5E08A68F9DB33E4E98218F7 /* [CP] Check Pods Manifest.lock */,
				5D549D2D21251A640022AB71 /* Sources */,
				5D549D2E21251A640022AB71 /* Frameworks */,
				5D549D2F21251A640022AB71 /* Resources */,
				98786974197F671570EE9C35 /* [CP] Embed Pods Frameworks */,
			);
			buildRules = (
			);
			dependencies = (
			);
			name = SampleIGListKit;
			productName = SampleIGListKit;
			productReference = 5D549D3121251A640022AB71 /* SampleIGListKit.app */;
			productType = "com.apple.product-type.application";
		};
/* End PBXNativeTarget section */

/* Begin PBXProject section */
		5D549D2921251A640022AB71 /* Project object */ = {
			isa = PBXProject;
			attributes = {
				LastSwiftUpdateCheck = 0940;
				LastUpgradeCheck = 0940;
				ORGANIZATIONNAME = Atsushi;
				TargetAttributes = {
					5D549D3021251A640022AB71 = {
						CreatedOnToolsVersion = 9.4.1;
					};
				};
			};
			buildConfigurationList = 5D549D2C21251A640022AB71 /* Build configuration list for PBXProject "SampleIGListKit" */;
			compatibilityVersion = "Xcode 9.3";
			developmentRegion = en;
			hasScannedForEncodings = 0;
			knownRegions = (
				en,
				Base,
			);
			mainGroup = 5D549D2821251A640022AB71;
			productRefGroup = 5D549D3221251A640022AB71 /* Products */;
			projectDirPath = "";
			projectRoot = "";
			targets = (
				5D549D3021251A640022AB71 /* SampleIGListKit */,
			);
		};
/* End PBXProject section */

/* Begin PBXResourcesBuildPhase section */
		5D549D2F21251A640022AB71 /* Resources */ = {
			isa = PBXResourcesBuildPhase;
			buildActionMask = 2147483647;
			files = (
				5D549D3F21251A650022AB71 /* LaunchScreen.storyboard in Resources */,
				5D549D3C21251A650022AB71 /* d.xcassets in Resources */,
				5D549D3A21251A640022AB71 /* Main.storyboard in Resources */,
				527F1AFA2125728B00E70DFE /* PostTableViewCell.xib in Resources */,
			);
			runOnlyForDeploymentPostprocessing = 0;
		};
/* End PBXResourcesBuildPhase section */

/* Begin PBXShellScriptBuildPhase section */
		98786974197F671570EE9C35 /* [CP] Embed Pods Frameworks */ = {
			isa = PBXShellScriptBuildPhase;
			buildActionMask = 2147483647;
			files = (
			);
			inputPaths = (
				"${SRCROOT}/Pods/Target Support Files/Pods-SampleIGListKit/Pods-SampleIGListKit-frameworks.sh",
				"${BUILT_PRODUCTS_DIR}/IGListKit/IGListKit.framework",
			);
			name = "[CP] Embed Pods Frameworks";
			outputPaths = (
				"${TARGET_BUILD_DIR}/${FRAMEWORKS_FOLDER_PATH}/IGListKit.framework",
			);
			runOnlyForDeploymentPostprocessing = 0;
			shellPath = /bin/sh;
			shellScript = "\"${SRCROOT}/Pods/Target Support Files/Pods-SampleIGListKit/Pods-SampleIGListKit-frameworks.sh\"\n";
			showEnvVarsInLog = 0;
		};
		C5E08A68F9DB33E4E98218F7 /* [CP] Check Pods Manifest.lock */ = {
			isa = PBXShellScriptBuildPhase;
			buildActionMask = 2147483647;
			files = (
			);
			inputPaths = (
				"${PODS_PODFILE_DIR_PATH}/Podfile.lock",
				"${PODS_ROOT}/Manifest.lock",
			);
			name = "[CP] Check Pods Manifest.lock";
			outputPaths = (
				"$(DERIVED_FILE_DIR)/Pods-SampleIGListKit-checkManifestLockResult.txt",
			);
			runOnlyForDeploymentPostprocessing = 0;
			shellPath = /bin/sh;
			shellScript = "diff \"${PODS_PODFILE_DIR_PATH}/Podfile.lock\" \"${PODS_ROOT}/Manifest.lock\" > /dev/null\nif [ $? != 0 ] ; then\n    # print error to STDERR\n    echo \"error: The sandbox is not in sync with the Podfile.lock. Run 'pod install' or update your CocoaPods installation.\" >&2\n    exit 1\nfi\n# This output is used by Xcode 'outputs' to avoid re-running this script phase.\necho \"SUCCESS\" > \"${SCRIPT_OUTPUT_FILE_0}\"\n";
			showEnvVarsInLog = 0;
		};
/* End PBXShellScriptBuildPhase section */

/* Begin PBXSourcesBuildPhase section */
		5D549D2D21251A640022AB71 /* Sources */ = {
			isa = PBXSourcesBuildPhase;
			buildActionMask = 2147483647;
			files = (
				5D7102B72125337E007DE928 /* ViewController.swift in Sources */,
				5D7102B521253016007DE928 /* AVPlayerView.swift in Sources */,
				5D7102B22125248D007DE928 /* AVSectionController.swift in Sources */,
				5D7102B02125248D007DE928 /* PostData.swift in Sources */,
				5D549D3521251A640022AB71 /* AppDelegate.swift in Sources */,
				527F1AF92125728B00E70DFE /* PostTableViewCell.swift in Sources */,
			);
			runOnlyForDeploymentPostprocessing = 0;
		};
/* End PBXSourcesBuildPhase section */

/* Begin PBXVariantGroup section */
		5D549D3821251A640022AB71 /* Main.storyboard */ = {
			isa = PBXVariantGroup;
			children = (
				5D549D3921251A640022AB71 /* Base */,
			);
			name = Main.storyboard;
			sourceTree = "<group>";
		};
		5D549D3D21251A650022AB71 /* LaunchScreen.storyboard */ = {
			isa = PBXVariantGroup;
			children = (
				5D549D3E21251A650022AB71 /* Base */,
			);
			name = LaunchScreen.storyboard;
			sourceTree = "<group>";
		};
/* End PBXVariantGroup section */

/* Begin XCBuildConfiguration section */
		5D549D4121251A650022AB71 /* Debug */ = {
			isa = XCBuildConfiguration;
			buildSettings = {
				ALWAYS_SEARCH_USER_PATHS = NO;
				CLANG_ANALYZER_NONNULL = YES;
				CLANG_ANALYZER_NUMBER_OBJECT_CONVERSION = YES_AGGRESSIVE;
				CLANG_CXX_LANGUAGE_STANDARD = "gnu++14";
				CLANG_CXX_LIBRARY = "libc++";
				CLANG_ENABLE_MODULES = YES;
				CLANG_ENABLE_OBJC_ARC = YES;
				CLANG_ENABLE_OBJC_WEAK = YES;
				CLANG_WARN_BLOCK_CAPTURE_AUTORELEASING = YES;
				CLANG_WARN_BOOL_CONVERSION = YES;
				CLANG_WARN_COMMA = YES;
				CLANG_WARN_CONSTANT_CONVERSION = YES;
				CLANG_WARN_DEPRECATED_OBJC_IMPLEMENTATIONS = YES;
				CLANG_WARN_DIRECT_OBJC_ISA_USAGE = YES_ERROR;
				CLANG_WARN_DOCUMENTATION_COMMENTS = YES;
				CLANG_WARN_EMPTY_BODY = YES;
				CLANG_WARN_ENUM_CONVERSION = YES;
				CLANG_WARN_INFINITE_RECURSION = YES;
				CLANG_WARN_INT_CONVERSION = YES;
				CLANG_WARN_NON_LITERAL_NULL_CONVERSION = YES;
				CLANG_WARN_OBJC_IMPLICIT_RETAIN_SELF = YES;
				CLANG_WARN_OBJC_LITERAL_CONVERSION = YES;
				CLANG_WARN_OBJC_ROOT_CLASS = YES_ERROR;
				CLANG_WARN_RANGE_LOOP_ANALYSIS = YES;
				CLANG_WARN_STRICT_PROTOTYPES = YES;
				CLANG_WARN_SUSPICIOUS_MOVE = YES;
				CLANG_WARN_UNGUARDED_AVAILABILITY = YES_AGGRESSIVE;
				CLANG_WARN_UNREACHABLE_CODE = YES;
				CLANG_WARN__DUPLICATE_METHOD_MATCH = YES;
				CODE_SIGN_IDENTITY = "iPhone Developer";
				COPY_PHASE_STRIP = NO;
				DEBUG_INFORMATION_FORMAT = dwarf;
				ENABLE_STRICT_OBJC_MSGSEND = YES;
				ENABLE_TESTABILITY = YES;
				GCC_C_LANGUAGE_STANDARD = gnu11;
				GCC_DYNAMIC_NO_PIC = NO;
				GCC_NO_COMMON_BLOCKS = YES;
				GCC_OPTIMIZATION_LEVEL = 0;
				GCC_PREPROCESSOR_DEFINITIONS = (
					"DEBUG=1",
					"$(inherited)",
				);
				GCC_WARN_64_TO_32_BIT_CONVERSION = YES;
				GCC_WARN_ABOUT_RETURN_TYPE = YES_ERROR;
				GCC_WARN_UNDECLARED_SELECTOR = YES;
				GCC_WARN_UNINITIALIZED_AUTOS = YES_AGGRESSIVE;
				GCC_WARN_UNUSED_FUNCTION = YES;
				GCC_WARN_UNUSED_VARIABLE = YES;
				IPHONEOS_DEPLOYMENT_TARGET = 11.4;
				MTL_ENABLE_DEBUG_INFO = YES;
				ONLY_ACTIVE_ARCH = YES;
				SDKROOT = iphoneos;
				SWIFT_ACTIVE_COMPILATION_CONDITIONS = DEBUG;
				SWIFT_OPTIMIZATION_LEVEL = "-Onone";
			};
			name = Debug;
		};
		5D549D4221251A650022AB71 /* Release */ = {
			isa = XCBuildConfiguration;
			buildSettings = {
				ALWAYS_SEARCH_USER_PATHS = NO;
				CLANG_ANALYZER_NONNULL = YES;
				CLANG_ANALYZER_NUMBER_OBJECT_CONVERSION = YES_AGGRESSIVE;
				CLANG_CXX_LANGUAGE_STANDARD = "gnu++14";
				CLANG_CXX_LIBRARY = "libc++";
				CLANG_ENABLE_MODULES = YES;
				CLANG_ENABLE_OBJC_ARC = YES;
				CLANG_ENABLE_OBJC_WEAK = YES;
				CLANG_WARN_BLOCK_CAPTURE_AUTORELEASING = YES;
				CLANG_WARN_BOOL_CONVERSION = YES;
				CLANG_WARN_COMMA = YES;
				CLANG_WARN_CONSTANT_CONVERSION = YES;
				CLANG_WARN_DEPRECATED_OBJC_IMPLEMENTATIONS = YES;
				CLANG_WARN_DIRECT_OBJC_ISA_USAGE = YES_ERROR;
				CLANG_WARN_DOCUMENTATION_COMMENTS = YES;
				CLANG_WARN_EMPTY_BODY = YES;
				CLANG_WARN_ENUM_CONVERSION = YES;
				CLANG_WARN_INFINITE_RECURSION = YES;
				CLANG_WARN_INT_CONVERSION = YES;
				CLANG_WARN_NON_LITERAL_NULL_CONVERSION = YES;
				CLANG_WARN_OBJC_IMPLICIT_RETAIN_SELF = YES;
				CLANG_WARN_OBJC_LITERAL_CONVERSION = YES;
				CLANG_WARN_OBJC_ROOT_CLASS = YES_ERROR;
				CLANG_WARN_RANGE_LOOP_ANALYSIS = YES;
				CLANG_WARN_STRICT_PROTOTYPES = YES;
				CLANG_WARN_SUSPICIOUS_MOVE = YES;
				CLANG_WARN_UNGUARDED_AVAILABILITY = YES_AGGRESSIVE;
				CLANG_WARN_UNREACHABLE_CODE = YES;
				CLANG_WARN__DUPLICATE_METHOD_MATCH = YES;
				CODE_SIGN_IDENTITY = "iPhone Developer";
				COPY_PHASE_STRIP = NO;
				DEBUG_INFORMATION_FORMAT = "dwarf-with-dsym";
				ENABLE_NS_ASSERTIONS = NO;
				ENABLE_STRICT_OBJC_MSGSEND = YES;
				GCC_C_LANGUAGE_STANDARD = gnu11;
				GCC_NO_COMMON_BLOCKS = YES;
				GCC_WARN_64_TO_32_BIT_CONVERSION = YES;
				GCC_WARN_ABOUT_RETURN_TYPE = YES_ERROR;
				GCC_WARN_UNDECLARED_SELECTOR = YES;
				GCC_WARN_UNINITIALIZED_AUTOS = YES_AGGRESSIVE;
				GCC_WARN_UNUSED_FUNCTION = YES;
				GCC_WARN_UNUSED_VARIABLE = YES;
				IPHONEOS_DEPLOYMENT_TARGET = 11.4;
				MTL_ENABLE_DEBUG_INFO = NO;
				SDKROOT = iphoneos;
				SWIFT_COMPILATION_MODE = wholemodule;
				SWIFT_OPTIMIZATION_LEVEL = "-O";
				VALIDATE_PRODUCT = YES;
			};
			name = Release;
		};
		5D549D4421251A650022AB71 /* Debug */ = {
			isa = XCBuildConfiguration;
			baseConfigurationReference = ED5095A2B69BB08A2D5CCA06 /* Pods-SampleIGListKit.debug.xcconfig */;
			buildSettings = {
				ASSETCATALOG_COMPILER_APPICON_NAME = AppIcon;
				CODE_SIGN_STYLE = Automatic;
				DEVELOPMENT_TEAM = 2V3PA4HA9X;
				INFOPLIST_FILE = SampleIGListKit/Info.plist;
				LD_RUNPATH_SEARCH_PATHS = (
					"$(inherited)",
					"@executable_path/Frameworks",
				);
				PRODUCT_BUNDLE_IDENTIFIER = Atsushi.koyama.SampleIGListKit;
				PRODUCT_NAME = "$(TARGET_NAME)";
				SWIFT_VERSION = 4.0;
				TARGETED_DEVICE_FAMILY = "1,2";
			};
			name = Debug;
		};
		5D549D4521251A650022AB71 /* Release */ = {
			isa = XCBuildConfiguration;
			baseConfigurationReference = 33AEC843F0929932C33B3961 /* Pods-SampleIGListKit.release.xcconfig */;
			buildSettings = {
				ASSETCATALOG_COMPILER_APPICON_NAME = AppIcon;
				CODE_SIGN_STYLE = Automatic;
				DEVELOPMENT_TEAM = 2V3PA4HA9X;
				INFOPLIST_FILE = SampleIGListKit/Info.plist;
				LD_RUNPATH_SEARCH_PATHS = (
					"$(inherited)",
					"@executable_path/Frameworks",
				);
				PRODUCT_BUNDLE_IDENTIFIER = Atsushi.koyama.SampleIGListKit;
				PRODUCT_NAME = "$(TARGET_NAME)";
				SWIFT_VERSION = 4.0;
				TARGETED_DEVICE_FAMILY = "1,2";
			};
			name = Release;
		};
/* End XCBuildConfiguration section */

/* Begin XCConfigurationList section */
		5D549D2C21251A640022AB71 /* Build configuration list for PBXProject "SampleIGListKit" */ = {
			isa = XCConfigurationList;
			buildConfigurations = (
				5D549D4121251A650022AB71 /* Debug */,
				5D549D4221251A650022AB71 /* Release */,
			);
			defaultConfigurationIsVisible = 0;
			defaultConfigurationName = Release;
		};
		5D549D4321251A650022AB71 /* Build configuration list for PBXNativeTarget "SampleIGListKit" */ = {
			isa = XCConfigurationList;
			buildConfigurations = (
				5D549D4421251A650022AB71 /* Debug */,
				5D549D4521251A650022AB71 /* Release */,
			);
			defaultConfigurationIsVisible = 0;
			defaultConfigurationName = Release;
		};
/* End XCConfigurationList section */
	};
	rootObject = 5D549D2921251A640022AB71 /* Project object */;
}
